github.com/creack/pty v1.1.9/go.mod h1:oKZEueFk5CKHvIhNR5MUki03XCEU+Q6VDXinZuGJ33E=
github.com/h2non/filetype v1.1.3 h1:FKkx9QbD7HR/zjK1Ia5XiBsq9zdLi5Kf3zGyFTAFkGg=
github.com/h2non/filetype v1.1.3/go.mod h1:319b3zT68BvV+WRj7cwy856M2ehB3HqNOt6sy1HndBY=
github.com/kr/pretty v0.2.1 h1:Fmg33tUaq4/8ym9TJN1x7sLJnHVwhP33CNkpYV/7rwI=
github.com/kr/pretty v0.2.1/go.mod h1:ipq/a2n7PKx3OHsz4KJII5eveXtPO4qwEXGdVfWzfnI=
github.com/kr/text v0.2.0 h1:5Nx0Ya0ZqY2ygV366QzturHI13Jq95ApcVaJBhpS+AY=
github.com/kr/text v0.2.0/go.mod h1:eLer722TekiGuMkidMxC/pM04lWEeraHUUmBw8l2grE=
github.com/michiwend/golang-pretty v0.0.0-20141116172505-8ac61812ea3f h1:oF0u/1VBm5gYitYvcIh443XZuYYkR50CP0Vsj3gAa1o=
github.com/michiwend/golang-pretty v0.0.0-20141116172505-8ac61812ea3f/go.mod h1:k0nOQg5bmAmEwWAuodvib9B74Oyny6aRMpkBcVWEtKs=
github.com/michiwend/gomusicbrainz v0.0.0-20181012083520-6c07e13dd396 h1:REpvt1iVqbiiBk2TihujngsSpHHMHiB/JBkQH/qkq8s=
github.com/michiwend/gomusicbrainz v0.0.0-20181012083520-6c07e13dd396/go.mod h1:HKpGCk/zijJ9GXdTWgtpnd5BbKDXtN0OQ3E4/zpxOwM=
github.com/sj14/jellyfin-go v0.5.0 h1:/808lPmBJp0y+7LjsDyDObst0rDNO7qNgqjSHKIemHs=
github.com/sj14/jellyfin-go v0.5.0/go.mod h1:K3ozYgrTZF4403JWijLJyNDlGm+nkNZvfU5YRC+GYYc=
github.com/stretchr/testify v1.12.1 h1:EuwCh5fleGS7H32xRwO3wRGT7DxrDhLAT6FF8MpWDWE=
github.com/stretchr/testify v1.12.1/go.mod h1:MDEgiDPPsNp5cuIrHPPCyornHKgEVbtFUmoNlxoYthg=
github.com/tetratelabs/wazero v1.11.1-0.20260428013916-2bbd517b7633 h1:6GN/lazdqr69FIzz1U6c4TF/ppE2dInMR4GzU9QKxjg=
github.com/tetratelabs/wazero v1.11.1-0.20260428013916-2bbd517b7633/go.mod h1:3ghOSSWYnzX0zd/3Ns4ni2tKxcXDE9/QgkwuH1PW3Rs=
github.com/urfave/cli-altsrc/v3 v3.1.0 h1:6E5+kXeAWmRxXlPgdEVf9VqVoTJ2MJci0UMpUi/w/bA=
github.com/urfave/cli-altsrc/v3 v3.1.0/go.mod h1:VcWVTGXcL3nrXUDJZagHAeUX702La3PKeWav7KpISqA=
github.com/urfave/cli/v3 v3.13.0 h1:Dr6jqMfIyyFsRVn7Nz5mqLsMY+ZMpfh3a0aMs+umPVY=
github.com/urfave/cli/v3 v3.13.0/go.mod h1:vXn6HxPNccJSzQr2QvwVncOKrgYGIHU0HY5h8B2nQj4=
go.senan.xyz/taglib v0.14.0 h1:cFgq+w7Z++4VzccYBmBt+RwkOvx5ddexy1M7kIty8+Y=
go.senan.xyz/taglib v0.14.0/go.mod h1:+k5CamBu88xgydgNGJjugYVeafoCCswoGjpw5w5CvD4=
go.yaml.in/yaml/v3 v3.0.5 h1:N6y/pJk8buWs9NY5ERU2HSMfm+IuD/OtfdAnq6kESPw=
go.yaml.in/yaml/v3 v3.0.5/go.mod h1:HVTZu1O7/Vkt2N+BFy8Zza+lnLsABggaTM2ZpNIGuKg=
golang.org/x/net v0.58.0 h1:ynWG7rqYi4ccpTEuPZ2QGWHktVEM9DMCj9yzDE0Q7To=
golang.org/x/net v0.58.0/go.mod h1:YwCddHnFlT7eLQqVprV19OnhLGtc5xOKgE0RyqgfWAU=
golang.org/x/sys v0.47.0 h1:o7XGOvZQCADBQQ4Y7VNq2dRWQR7JmOUW8Kxx4ZsNgWs=
golang.org/x/sys v0.47.0/go.mod h1:4GL1E5IUh+htKOUEOaiffhrAeqysfVGipDYzABqnCmw=
golift.io/starr v1.4.1 h1:EthN/Fp9ZHh1vNBVujdA/VXONhYGUZT2xhohpANmGaA=
golift.io/starr v1.4.1/go.mod h1:Oz8bBp9Rg697u5oxSbF4LmFn9iV3nHx/cF3DH/fyhdY=
gopkg.in/check.v1 v0.0.0-20161208181325-20d25e280405/go.mod h1:Co6ibVJAznAaIkqp8huTwlJQCZ016jof/cbN4VW5Yz0=
gopkg.in/check.v1 v1.0.0-20201130134442-10cb98267c6c h1:Hei/4ADfdWqJk1ZMxUNpqntNwaWcugrBjAiHlqqRiVk=
gopkg.in/check.v1 v1.0.0-20201130134442-10cb98267c6c/go.mod h1:JHkPIbrfpd72SG/EVd6muEfDQjcINNoR0C8j2r3qZ4Q=
gopkg.in/validator.v2 v2.0.1 h1:xF0KWyGWXm/LM2G1TrEjqOu4pa6coO9AlWSf3msVfDY=
gopkg.in/validator.v2 v2.0.1/go.mod h1:lIUZBlB3Im4s/eYp39Ry/wkR02yOPhZ9IwIRBjuPuG8=
gopkg.in/yaml.v3 v3.0.1 h1:fxVm/GzAzEWqLHuvctI91KS9hhNmmWOoWu0XTYJS7CA=
gopkg.in/yaml.v3 v3.0.1/go.mod h1:K4uyk7z7BCEPqu6E+C64Yfv1cQ7kz7rIZviUmN+EgEM=
