dependencies:
- name: postgresql
  repository: https://charts.bitnami.com/bitnami
  version: 11.1.3
- name: redis
  repository: https://charts.bitnami.com/bitnami
  version: 16.4.5
digest: sha256:fb307c6a95e9340ff80f1a786e632597778fcb7780186a5985e002e331e89b17
generated: "2022-03-05T11:19:42.079283244Z"
