dependencies:
- name: postgresql
  repository: https://charts.bitnami.com/bitnami
  version: 10.16.2
- name: redis
  repository: https://charts.bitnami.com/bitnami
  version: 16.4.5
digest: sha256:3dd2689649ed86515048b7707588e4a514af81f493ecfe755c51a00ba08f6ee7
generated: "2022-03-05T11:18:39.066527553Z"
